<?xml version="1.0" encoding="utf-8"?>
<Project ToolsVersion="4.0" xmlns="http://schemas.microsoft.com/developer/msbuild/2003">
  <ItemGroup>
    <Filter Include="ソース ファイル">
      <UniqueIdentifier>{4FC737F1-C7A5-4376-A066-2A32D752A2FF}</UniqueIdentifier>
      <Extensions>cpp;c;cc;cxx;c++;cppm;ixx;def;odl;idl;hpj;bat;asm;asmx</Extensions>
    </Filter>
    <Filter Include="ヘッダー ファイル">
      <UniqueIdentifier>{93995380-89BD-4b04-88EB-625FBE52EBFB}</UniqueIdentifier>
      <Extensions>h;hh;hpp;hxx;h++;hm;inl;inc;ipp;xsd</Extensions>
    </Filter>
    <Filter Include="リソース ファイル">
      <UniqueIdentifier>{67DA6AB6-F800-4c08-8B7A-83BB121AAD01}</UniqueIdentifier>
      <Extensions>rc;ico;cur;bmp;dlg;rc2;rct;bin;rgs;gif;jpg;jpeg;jpe;resx;tiff;tif;png;wav;mfcribbon-ms</Extensions>
    </Filter>
    <Filter Include="shaders">
      <UniqueIdentifier>{b16f66bf-0edd-4c70-9653-49abd78975bd}</UniqueIdentifier>
    </Filter>
    <Filter Include="engine">
      <UniqueIdentifier>{3f40db2f-e651-4102-b4aa-228e6db54a4a}</UniqueIdentifier>
    </Filter>
    <Filter Include="engine\2d">
      <UniqueIdentifier>{4d00935a-7f96-419d-af99-6e799300f223}</UniqueIdentifier>
    </Filter>
    <Filter Include="engine\audio">
      <UniqueIdentifier>{7d92218e-5326-48be-b8fe-be7c59b9dcfb}</UniqueIdentifier>
    </Filter>
    <Filter Include="engine\base">
      <UniqueIdentifier>{ef2e0cf6-e3fb-4e95-a879-b641ce751810}</UniqueIdentifier>
    </Filter>
    <Filter Include="engine\debug">
      <UniqueIdentifier>{c793e6da-f161-41c5-ba48-ad2073df3575}</UniqueIdentifier>
    </Filter>
    <Filter Include="engine\input">
      <UniqueIdentifier>{cd3a8eaa-58ec-49cd-bb11-0d6a68b13df8}</UniqueIdentifier>
    </Filter>
    <Filter Include="engine\math">
      <UniqueIdentifier>{9166fe29-0a02-4f36-9391-fc197e0a431b}</UniqueIdentifier>
    </Filter>
    <Filter Include="engine\math\func">
      <UniqueIdentifier>{f4a79ad1-4ad4-48c3-b59c-2cb96d487971}</UniqueIdentifier>
    </Filter>
    <Filter Include="application">
      <UniqueIdentifier>{b779c107-e531-4844-9928-b705d07604ff}</UniqueIdentifier>
    </Filter>
    <Filter Include="engine\objectCommon">
      <UniqueIdentifier>{bcf43617-959a-4a3d-92a0-f33aac9bba70}</UniqueIdentifier>
    </Filter>
    <Filter Include="engine\particle">
      <UniqueIdentifier>{74a5fc19-3416-4892-aa63-de0e504292bc}</UniqueIdentifier>
    </Filter>
    <Filter Include="engine\scene">
      <UniqueIdentifier>{247103c9-90aa-480e-ad7d-9f128487e9be}</UniqueIdentifier>
    </Filter>
    <Filter Include="engine\framwork">
      <UniqueIdentifier>{4ac48d9b-28cd-4b88-b0e4-12be62ae53eb}</UniqueIdentifier>
    </Filter>
    <Filter Include="application\scene">
      <UniqueIdentifier>{d09609c5-5464-4a8e-a106-9af2e72858bf}</UniqueIdentifier>
    </Filter>
    <Filter Include="engine\3d">
      <UniqueIdentifier>{79d8f6c8-0826-4916-b23e-c709776c8173}</UniqueIdentifier>
    </Filter>
    <Filter Include="engine\blend">
      <UniqueIdentifier>{05db597a-c161-4c9e-8086-648f850d3793}</UniqueIdentifier>
    </Filter>
  </ItemGroup>
  <ItemGroup>
    <ClCompile Include="engine\main.cpp">
      <Filter>ソース ファイル</Filter>
    </ClCompile>
    <ClCompile Include="engine\base\DirectXBase.cpp">
      <Filter>engine\base</Filter>
    </ClCompile>
    <ClCompile Include="engine\base\WinApi.cpp">
      <Filter>engine\base</Filter>
    </ClCompile>
    <ClCompile Include="engine\math\func\Aithmetic.cpp">
      <Filter>engine\math\func</Filter>
    </ClCompile>
    <ClCompile Include="engine\math\func\Math.cpp">
      <Filter>engine\math\func</Filter>
    </ClCompile>
    <ClCompile Include="engine\debug\Log.cpp">
      <Filter>engine\debug</Filter>
    </ClCompile>
    <ClCompile Include="engine\debug\DebugCamera.cpp">
      <Filter>engine\debug</Filter>
    </ClCompile>
    <ClCompile Include="engine\audio\Audio.cpp">
      <Filter>engine\audio</Filter>
    </ClCompile>
    <ClCompile Include="engine\input\Input.cpp">
      <Filter>engine\input</Filter>
    </ClCompile>
    <ClCompile Include="engine\base\D3DResourceLeakChecker.cpp">
      <Filter>engine\base</Filter>
    </ClCompile>
    <ClCompile Include="engine\base\FixFPS.cpp">
      <Filter>engine\base</Filter>
    </ClCompile>
    <ClCompile Include="engine\2d\Sprite.cpp">
      <Filter>engine\2d</Filter>
    </ClCompile>
    <ClCompile Include="engine\math\Vector2.cpp">
      <Filter>engine\math</Filter>
    </ClCompile>
    <ClCompile Include="engine\math\Matrix4x4.cpp">
      <Filter>engine\math</Filter>
    </ClCompile>
    <ClCompile Include="engine\math\Vector3.cpp">
      <Filter>engine\math</Filter>
    </ClCompile>
    <ClCompile Include="engine\2d\TextureManager.cpp">
      <Filter>engine\2d</Filter>
    </ClCompile>
    <ClCompile Include="engine\3d\Model.cpp">
      <Filter>engine\3d</Filter>
    </ClCompile>
    <ClCompile Include="engine\3d\ModelCommon.cpp">
      <Filter>engine\3d</Filter>
    </ClCompile>
    <ClCompile Include="engine\3d\ModelManager.cpp">
      <Filter>engine\3d</Filter>
    </ClCompile>
    <ClCompile Include="engine\math\func\Rendering.cpp">
      <Filter>engine\math\func</Filter>
    </ClCompile>
    <ClCompile Include="engine\base\SRVManager.cpp">
      <Filter>engine\base</Filter>
    </ClCompile>
    <ClCompile Include="engine\base\StringUtility.cpp">
      <Filter>engine\base</Filter>
    </ClCompile>
    <ClCompile Include="engine\audio\AudioManager.cpp">
      <Filter>engine\audio</Filter>
    </ClCompile>
    <ClCompile Include="engine\debug\ImGuiManager.cpp">
      <Filter>engine\debug</Filter>
    </ClCompile>
    <ClCompile Include="engine\framework\GameSystem.cpp">
      <Filter>engine\framwork</Filter>
    </ClCompile>
    <ClCompile Include="engine\framework\Framework.cpp">
      <Filter>engine\framwork</Filter>
    </ClCompile>
    <ClCompile Include="engine\scene\IScene.cpp">
      <Filter>engine\scene</Filter>
    </ClCompile>
    <ClCompile Include="engine\scene\AbstractSceneFactory.cpp">
      <Filter>engine\scene</Filter>
    </ClCompile>
    <ClCompile Include="engine\scene\SceneManager.cpp">
      <Filter>ソース ファイル</Filter>
    </ClCompile>
    <ClCompile Include="engine\scene\SceneManager.cpp">
      <Filter>engine\scene</Filter>
    </ClCompile>
    <ClCompile Include="engine\scene\GameScene.cpp">
      <Filter>application\scene</Filter>
    </ClCompile>
    <ClCompile Include="engine\scene\SceneFactory.cpp">
      <Filter>application\scene</Filter>
    </ClCompile>
    <ClCompile Include="engine\scene\TitleScene.cpp">
      <Filter>application\scene</Filter>
    </ClCompile>
    <ClCompile Include="engine\framework\GameObjectList.cpp">
      <Filter>application</Filter>
    </ClCompile>
    <ClCompile Include="engine\2d\SpriteCommon.cpp">
      <Filter>engine\2d</Filter>
    </ClCompile>
    <ClCompile Include="engine\blend\Blend.cpp">
      <Filter>engine\blend</Filter>
    </ClCompile>
    <ClCompile Include="engine\math\Vector4.cpp">
      <Filter>engine\math</Filter>
    </ClCompile>
    <ClCompile Include="engine\base\GraphicsPipeline.cpp">
      <Filter>ソース ファイル</Filter>
    </ClCompile>
    <ClCompile Include="engine\camera\Camera.cpp">
      <Filter>ソース ファイル</Filter>
    </ClCompile>
    <ClCompile Include="engine\camera\CameraManager.cpp">
      <Filter>ソース ファイル</Filter>
    </ClCompile>
    <ClCompile Include="engine\3d\Object3dCommon.cpp">
      <Filter>ソース ファイル</Filter>
    </ClCompile>
    <ClCompile Include="engine\2d\Object2dCommon.cpp">
      <Filter>ソース ファイル</Filter>
    </ClCompile>
    <ClCompile Include="engine\worldTransform\WorldTransform.cpp">
      <Filter>ソース ファイル</Filter>
    </ClCompile>
    <ClCompile Include="engine\3d\Object3d.cpp">
      <Filter>ソース ファイル</Filter>
    </ClCompile>
    <ClCompile Include="engine\2d\Object2d.cpp">
      <Filter>ソース ファイル</Filter>
    </ClCompile>
    <ClCompile Include="engine\particle\ParticleCommon.cpp">
      <Filter>ソース ファイル</Filter>
    </ClCompile>
    <ClCompile Include="engine\particle\ParticleSystem.cpp">
      <Filter>ソース ファイル</Filter>
    </ClCompile>
  </ItemGroup>
  <ItemGroup>
    <ClInclude Include="engine\math\Matrix4x4.h">
      <Filter>engine\math</Filter>
    </ClInclude>
    <ClInclude Include="engine\math\Matrix3x3.h">
      <Filter>engine\math</Filter>
    </ClInclude>
    <ClInclude Include="engine\math\Vector2.h">
      <Filter>engine\math</Filter>
    </ClInclude>
    <ClInclude Include="engine\math\Vector3.h">
      <Filter>engine\math</Filter>
    </ClInclude>
    <ClInclude Include="engine\math\Vector4.h">
      <Filter>engine\math</Filter>
    </ClInclude>
    <ClInclude Include="engine\base\DirectXBase.h">
      <Filter>engine\base</Filter>
    </ClInclude>
    <ClInclude Include="engine\base\WinApi.h">
      <Filter>engine\base</Filter>
    </ClInclude>
    <ClInclude Include="engine\math\func\Aithmetic.h">
      <Filter>engine\math\func</Filter>
    </ClInclude>
    <ClInclude Include="engine\math\func\Math.h">
      <Filter>engine\math\func</Filter>
    </ClInclude>
    <ClInclude Include="engine\math\ResourceData.h">
      <Filter>engine\math</Filter>
    </ClInclude>
    <ClInclude Include="engine\debug\Log.h">
      <Filter>engine\debug</Filter>
    </ClInclude>
    <ClInclude Include="engine\audio\Audio.h">
      <Filter>engine\audio</Filter>
    </ClInclude>
    <ClInclude Include="engine\debug\DebugCamera.h">
      <Filter>engine\debug</Filter>
    </ClInclude>
    <ClInclude Include="engine\input\Input.h">
      <Filter>engine\input</Filter>
    </ClInclude>
    <ClInclude Include="engine\base\D3DResourceLeakChecker.h">
      <Filter>engine\base</Filter>
    </ClInclude>
    <ClInclude Include="engine\base\FixFPS.h">
      <Filter>engine\base</Filter>
    </ClInclude>
    <ClInclude Include="engine\2d\Sprite.h">
      <Filter>engine\2d</Filter>
    </ClInclude>
    <ClInclude Include="engine\2d\TextureManager.h">
      <Filter>engine\2d</Filter>
    </ClInclude>
    <ClInclude Include="engine\3d\ModelCommon.h">
      <Filter>engine\3d</Filter>
    </ClInclude>
    <ClInclude Include="engine\3d\Model.h">
      <Filter>engine\3d</Filter>
    </ClInclude>
    <ClInclude Include="engine\3d\ModelManager.h">
      <Filter>engine\3d</Filter>
    </ClInclude>
    <ClInclude Include="engine\math\func\Rendering.h">
      <Filter>engine\math\func</Filter>
    </ClInclude>
    <ClInclude Include="engine\base\SRVManager.h">
      <Filter>engine\base</Filter>
    </ClInclude>
    <ClInclude Include="engine\base\StringUtility.h">
      <Filter>engine\base</Filter>
    </ClInclude>
    <ClInclude Include="engine\audio\AudioManager.h">
      <Filter>engine\audio</Filter>
    </ClInclude>
    <ClInclude Include="engine\debug\ImGuiManager.h">
      <Filter>engine\debug</Filter>
    </ClInclude>
    <ClInclude Include="engine\framework\GameSystem.h">
      <Filter>engine\framwork</Filter>
    </ClInclude>
    <ClInclude Include="engine\framework\Framework.h">
      <Filter>engine\framwork</Filter>
    </ClInclude>
    <ClInclude Include="engine\scene\IScene.h">
      <Filter>engine\scene</Filter>
    </ClInclude>
    <ClInclude Include="engine\scene\AbstractSceneFactory.h">
      <Filter>engine\scene</Filter>
    </ClInclude>
    <ClInclude Include="engine\scene\SceneManager.h">
      <Filter>ヘッダー ファイル</Filter>
    </ClInclude>
    <ClInclude Include="engine\scene\GameScene.h">
      <Filter>application\scene</Filter>
    </ClInclude>
    <ClInclude Include="engine\scene\SceneFactory.h">
      <Filter>application\scene</Filter>
    </ClInclude>
    <ClInclude Include="engine\scene\TitleScene.h">
      <Filter>application\scene</Filter>
    </ClInclude>
    <ClInclude Include="engine\scene\SceneManager.h">
      <Filter>engine\scene</Filter>
    </ClInclude>
    <ClInclude Include="engine\framework\GameObjectList.h">
      <Filter>application</Filter>
    </ClInclude>
    <ClInclude Include="engine\2d\SpriteCommon.h">
      <Filter>engine\2d</Filter>
    </ClInclude>
    <ClInclude Include="engine\blend\Blend.h">
      <Filter>engine\blend</Filter>
    </ClInclude>
    <ClInclude Include="engine\blend\BlendMode.h">
      <Filter>engine\blend</Filter>
    </ClInclude>
    <ClInclude Include="engine\math\RenderingData.h">
      <Filter>engine\math\func</Filter>
    </ClInclude>
    <ClInclude Include="engine\base\GraphicsPipeline.h">
      <Filter>ヘッダー ファイル</Filter>
    </ClInclude>
    <ClInclude Include="engine\camera\Camera.h">
      <Filter>ヘッダー ファイル</Filter>
    </ClInclude>
    <ClInclude Include="engine\camera\CameraManager.h">
      <Filter>ヘッダー ファイル</Filter>
    </ClInclude>
    <ClInclude Include="engine\3d\Object3dCommon.h">
      <Filter>ヘッダー ファイル</Filter>
    </ClInclude>
    <ClInclude Include="engine\2d\Object2dCommon.h">
      <Filter>ヘッダー ファイル</Filter>
    </ClInclude>
    <ClInclude Include="engine\worldTransform\WorldTransform.h">
      <Filter>ヘッダー ファイル</Filter>
    </ClInclude>
    <ClInclude Include="engine\3d\Object3d.h">
      <Filter>ヘッダー ファイル</Filter>
    </ClInclude>
    <ClInclude Include="engine\2d\Object2d.h">
      <Filter>ヘッダー ファイル</Filter>
    </ClInclude>
    <ClInclude Include="engine\particle\ParticleCommon.h">
      <Filter>ヘッダー ファイル</Filter>
    </ClInclude>
    <ClInclude Include="engine\particle\ParticleSystem.h">
      <Filter>ヘッダー ファイル</Filter>
    </ClInclude>
  </ItemGroup>
  <ItemGroup>
    <FxCompile Include="engine\resources\shaders\Object3d.PS.hlsl">
      <Filter>shaders</Filter>
    </FxCompile>
    <FxCompile Include="engine\resources\shaders\Object3d.VS.hlsl">
      <Filter>shaders</Filter>
    </FxCompile>
    <FxCompile Include="engine\resources\shaders\Particle.PS.hlsl">
      <Filter>shaders</Filter>
    </FxCompile>
    <FxCompile Include="engine\resources\shaders\Particle.VS.hlsl">
      <Filter>shaders</Filter>
    </FxCompile>
  </ItemGroup>
  <ItemGroup>
    <None Include="engine\resources\shaders\Object3d.hlsli">
      <Filter>shaders</Filter>
    </None>
    <None Include="engine\resources\shaders\Particle.hlsli">
      <Filter>shaders</Filter>
    </None>
  </ItemGroup>
</Project>